// !$*UTF8*$!
{
	archiveVersion = 1;
	classes = {
	};
	objectVersion = 46;
	objects = {

/* Begin PBXBuildFile section */
		38A5A4BC1EF130FD00FFA6FE /* main.m in Sources */ = {isa = PBXBuildFile; fileRef = 38A5A4BB1EF130FD00FFA6FE /* main.m */; };
		38A5A4BF1EF130FD00FFA6FE /* AppDelegate.m in Sources */ = {isa = PBXBuildFile; fileRef = 38A5A4BE1EF130FD00FFA6FE /* AppDelegate.m */; };
		38A5A4C51EF130FD00FFA6FE /* Main.storyboard in Resources */ = {isa = PBXBuildFile; fileRef = 38A5A4C31EF130FD00FFA6FE /* Main.storyboard */; };
		38A5A4C71EF130FD00FFA6FE /* Assets.xcassets in Resources */ = {isa = PBXBuildFile; fileRef = 38A5A4C61EF130FD00FFA6FE /* Assets.xcassets */; };
		38A5A4CA1EF130FD00FFA6FE /* LaunchScreen.storyboard in Resources */ = {isa = PBXBuildFile; fileRef = 38A5A4C81EF130FD00FFA6FE /* LaunchScreen.storyboard */; };
		38A5A4D81EF13CB100FFA6FE /* test.html in Resources */ = {isa = PBXBuildFile; fileRef = 38A5A4D71EF13CB100FFA6FE /* test.html */; };
		BADD423C2771A80C00C32588 /* HomeTableViewController.m in Sources */ = {isa = PBXBuildFile; fileRef = BADD423B2771A80C00C32588 /* HomeTableViewController.m */; };
		BADD423F2771AD7000C32588 /* UIWebViewController.m in Sources */ = {isa = PBXBuildFile; fileRef = BADD423E2771AD7000C32588 /* UIWebViewController.m */; };
		BADD42422771B9B600C32588 /* WKWebViewController.m in Sources */ = {isa = PBXBuildFile; fileRef = BADD42412771B9B600C32588 /* WKWebViewController.m */; };
/* End PBXBuildFile section */

/* Begin PBXFileReference section */
		38A5A4B71EF130FD00FFA6FE /* test.app */ = {isa = PBXFileReference; explicitFileType = wrapper.application; includeInIndex = 0; path = test.app; sourceTree = BUILT_PRODUCTS_DIR; };
		38A5A4BB1EF130FD00FFA6FE /* main.m */ = {isa = PBXFileReference; lastKnownFileType = sourcecode.c.objc; path = main.m; sourceTree = "<group>"; };
		38A5A4BD1EF130FD00FFA6FE /* AppDelegate.h */ = {isa = PBXFileReference; lastKnownFileType = sourcecode.c.h; path = AppDelegate.h; sourceTree = "<group>"; };
		38A5A4BE1EF130FD00FFA6FE /* AppDelegate.m */ = {isa = PBXFileReference; lastKnownFileType = sourcecode.c.objc; path = AppDelegate.m; sourceTree = "<group>"; };
		38A5A4C41EF130FD00FFA6FE /* Base */ = {isa = PBXFileReference; lastKnownFileType = file.storyboard; name = Base; path = Base.lproj/Main.storyboard; sourceTree = "<group>"; };
		38A5A4C61EF130FD00FFA6FE /* Assets.xcassets */ = {isa = PBXFileReference; lastKnownFileType = folder.assetcatalog; path = Assets.xcassets; sourceTree = "<group>"; };
		38A5A4C91EF130FD00FFA6FE /* Base */ = {isa = PBXFileReference; lastKnownFileType = file.storyboard; name = Base; path = Base.lproj/LaunchScreen.storyboard; sourceTree = "<group>"; };
		38A5A4CB1EF130FD00FFA6FE /* Info.plist */ = {isa = PBXFileReference; lastKnownFileType = text.plist.xml; path = Info.plist; sourceTree = "<group>"; };
		38A5A4D71EF13CB100FFA6FE /* test.html */ = {isa = PBXFileReference; fileEncoding = 4; lastKnownFileType = text.html; path = test.html; sourceTree = "<group>"; };
		BADD423A2771A80C00C32588 /* HomeTableViewController.h */ = {isa = PBXFileReference; lastKnownFileType = sourcecode.c.h; path = HomeTableViewController.h; sourceTree = "<group>"; };
		BADD423B2771A80C00C32588 /* HomeTableViewController.m */ = {isa = PBXFileReference; lastKnownFileType = sourcecode.c.objc; path = HomeTableViewController.m; sourceTree = "<group>"; };
		BADD423D2771AD7000C32588 /* UIWebViewController.h */ = {isa = PBXFileReference; lastKnownFileType = sourcecode.c.h; path = UIWebViewController.h; sourceTree = "<group>"; };
		BADD423E2771AD7000C32588 /* UIWebViewController.m */ = {isa = PBXFileReference; lastKnownFileType = sourcecode.c.objc; path = UIWebViewController.m; sourceTree = "<group>"; };
		BADD42402771B9B600C32588 /* WKWebViewController.h */ = {isa = PBXFileReference; lastKnownFileType = sourcecode.c.h; path = WKWebViewController.h; sourceTree = "<group>"; };
		BADD42412771B9B600C32588 /* WKWebViewController.m */ = {isa = PBXFileReference; lastKnownFileType = sourcecode.c.objc; path = WKWebViewController.m; sourceTree = "<group>"; };
/* End PBXFileReference section */

/* Begin PBXFrameworksBuildPhase section */
		38A5A4B41EF130FD00FFA6FE /* Frameworks */ = {
			isa = PBXFrameworksBuildPhase;
			buildActionMask = 2147483647;
			files = (
			);
			runOnlyForDeploymentPostprocessing = 0;
		};
/* End PBXFrameworksBuildPhase section */

/* Begin PBXGroup section */
		38A5A4AE1EF130FD00FFA6FE = {
			isa = PBXGroup;
			children = (
				38A5A4B91EF130FD00FFA6FE /* test */,
				38A5A4B81EF130FD00FFA6FE /* Products */,
			);
			sourceTree = "<group>";
		};
		38A5A4B81EF130FD00FFA6FE /* Products */ = {
			isa = PBXGroup;
			children = (
				38A5A4B71EF130FD00FFA6FE /* test.app */,
			);
			name = Products;
			sourceTree = "<group>";
		};
		38A5A4B91EF130FD00FFA6FE /* test */ = {
			isa = PBXGroup;
			children = (
				38A5A4D71EF13CB100FFA6FE /* test.html */,
				38A5A4BD1EF130FD00FFA6FE /* AppDelegate.h */,
				38A5A4BE1EF130FD00FFA6FE /* AppDelegate.m */,
				BADD423A2771A80C00C32588 /* HomeTableViewController.h */,
				BADD423B2771A80C00C32588 /* HomeTableViewController.m */,
				BADD423D2771AD7000C32588 /* UIWebViewController.h */,
				BADD423E2771AD7000C32588 /* UIWebViewController.m */,
				BADD42402771B9B600C32588 /* WKWebViewController.h */,
				BADD42412771B9B600C32588 /* WKWebViewController.m */,
				38A5A4C31EF130FD00FFA6FE /* Main.storyboard */,
				38A5A4C61EF130FD00FFA6FE /* Assets.xcassets */,
				38A5A4C81EF130FD00FFA6FE /* LaunchScreen.storyboard */,
				38A5A4CB1EF130FD00FFA6FE /* Info.plist */,
				38A5A4BA1EF130FD00FFA6FE /* Supporting Files */,
			);
			path = test;
			sourceTree = "<group>";
		};
		38A5A4BA1EF130FD00FFA6FE /* Supporting Files */ = {
			isa = PBXGroup;
			children = (
				38A5A4BB1EF130FD00FFA6FE /* main.m */,
			);
			name = "Supporting Files";
			sourceTree = "<group>";
		};
/* End PBXGroup section */

/* Begin PBXNativeTarget section */
		38A5A4B61EF130FD00FFA6FE /* test */ = {
			isa = PBXNativeTarget;
			buildConfigurationList = 38A5A4CE1EF130FD00FFA6FE /* Build configuration list for PBXNativeTarget "test" */;
			buildPhases = (
				38A5A4B31EF130FD00FFA6FE /* Sources */,
				38A5A4B41EF130FD00FFA6FE /* Frameworks */,
				38A5A4B51EF130FD00FFA6FE /* Resources */,
			);
			buildRules = (
			);
			dependencies = (
			);
			name = test;
			productName = test;
			productReference = 38A5A4B71EF130FD00FFA6FE /* test.app */;
			productType = "com.apple.product-type.application";
		};
/* End PBXNativeTarget section */

/* Begin PBXProject section */
		38A5A4AF1EF130FD00FFA6FE /* Project object */ = {
			isa = PBXProject;
			attributes = {
				LastUpgradeCheck = 0820;
				ORGANIZATIONNAME = A589;
				TargetAttributes = {
					38A5A4B61EF130FD00FFA6FE = {
						CreatedOnToolsVersion = 8.2.1;
						DevelopmentTeam = 8YYVM47VB8;
						ProvisioningStyle = Automatic;
					};
				};
			};
			buildConfigurationList = 38A5A4B21EF130FD00FFA6FE /* Build configuration list for PBXProject "test" */;
			compatibilityVersion = "Xcode 3.2";
			developmentRegion = English;
			hasScannedForEncodings = 0;
			knownRegions = (
				English,
				en,
				Base,
			);
			mainGroup = 38A5A4AE1EF130FD00FFA6FE;
			productRefGroup = 38A5A4B81EF130FD00FFA6FE /* Products */;
			projectDirPath = "";
			projectRoot = "";
			targets = (
				38A5A4B61EF130FD00FFA6FE /* test */,
			);
		};
/* End PBXProject section */

/* Begin PBXResourcesBuildPhase section */
		38A5A4B51EF130FD00FFA6FE /* Resources */ = {
			isa = PBXResourcesBuildPhase;
			buildActionMask = 2147483647;
			files = (
				38A5A4D81EF13CB100FFA6FE /* test.html in Resources */,
				38A5A4CA1EF130FD00FFA6FE /* LaunchScreen.storyboard in Resources */,
				38A5A4C71EF130FD00FFA6FE /* Assets.xcassets in Resources */,
				38A5A4C51EF130FD00FFA6FE /* Main.storyboard in Resources */,
			);
			runOnlyForDeploymentPostprocessing = 0;
		};
/* End PBXResourcesBuildPhase section */

/* Begin PBXSourcesBuildPhase section */
		38A5A4B31EF130FD00FFA6FE /* Sources */ = {
			isa = PBXSourcesBuildPhase;
			buildActionMask = 2147483647;
			files = (
				BADD42422771B9B600C32588 /* WKWebViewController.m in Sources */,
				BADD423C2771A80C00C32588 /* HomeTableViewController.m in Sources */,
				38A5A4BF1EF130FD00FFA6FE /* AppDelegate.m in Sources */,
				38A5A4BC1EF130FD00FFA6FE /* main.m in Sources */,
				BADD423F2771AD7000C32588 /* UIWebViewController.m in Sources */,
			);
			runOnlyForDeploymentPostprocessing = 0;
		};
/* End PBXSourcesBuildPhase section */

/* Begin PBXVariantGroup section */
		38A5A4C31EF130FD00FFA6FE /* Main.storyboard */ = {
			isa = PBXVariantGroup;
			children = (
				38A5A4C41EF130FD00FFA6FE /* Base */,
			);
			name = Main.storyboard;
			sourceTree = "<group>";
		};
		38A5A4C81EF130FD00FFA6FE /* LaunchScreen.storyboard */ = {
			isa = PBXVariantGroup;
			children = (
				38A5A4C91EF130FD00FFA6FE /* Base */,
			);
			name = LaunchScreen.storyboard;
			sourceTree = "<group>";
		};
/* End PBXVariantGroup section */

/* Begin XCBuildConfiguration section */
		38A5A4CC1EF130FD00FFA6FE /* Debug */ = {
			isa = XCBuildConfiguration;
			buildSettings = {
				ALWAYS_SEARCH_USER_PATHS = NO;
				CLANG_ANALYZER_NONNULL = YES;
				CLANG_CXX_LANGUAGE_STANDARD = "gnu++0x";
				CLANG_CXX_LIBRARY = "libc++";
				CLANG_ENABLE_MODULES = YES;
				CLANG_ENABLE_OBJC_ARC = YES;
				CLANG_WARN_BOOL_CONVERSION = YES;
				CLANG_WARN_CONSTANT_CONVERSION = YES;
				CLANG_WARN_DIRECT_OBJC_ISA_USAGE = YES_ERROR;
				CLANG_WARN_DOCUMENTATION_COMMENTS = YES;
				CLANG_WARN_EMPTY_BODY = YES;
				CLANG_WARN_ENUM_CONVERSION = YES;
				CLANG_WARN_INFINITE_RECURSION = YES;
				CLANG_WARN_INT_CONVERSION = YES;
				CLANG_WARN_OBJC_ROOT_CLASS = YES_ERROR;
				CLANG_WARN_SUSPICIOUS_MOVE = YES;
				CLANG_WARN_UNREACHABLE_CODE = YES;
				CLANG_WARN__DUPLICATE_METHOD_MATCH = YES;
				"CODE_SIGN_IDENTITY[sdk=iphoneos*]" = "iPhone Developer";
				COPY_PHASE_STRIP = NO;
				DEBUG_INFORMATION_FORMAT = dwarf;
				ENABLE_STRICT_OBJC_MSGSEND = YES;
				ENABLE_TESTABILITY = YES;
				GCC_C_LANGUAGE_STANDARD = gnu99;
				GCC_DYNAMIC_NO_PIC = NO;
				GCC_NO_COMMON_BLOCKS = YES;
				GCC_OPTIMIZATION_LEVEL = 0;
				GCC_PREPROCESSOR_DEFINITIONS = (
					"DEBUG=1",
					"$(inherited)",
				);
				GCC_WARN_64_TO_32_BIT_CONVERSION = YES;
				GCC_WARN_ABOUT_RETURN_TYPE = YES_ERROR;
				GCC_WARN_UNDECLARED_SELECTOR = YES;
				GCC_WARN_UNINITIALIZED_AUTOS = YES_AGGRESSIVE;
				GCC_WARN_UNUSED_FUNCTION = YES;
				GCC_WARN_UNUSED_VARIABLE = YES;
				IPHONEOS_DEPLOYMENT_TARGET = 10.2;
				MTL_ENABLE_DEBUG_INFO = YES;
				ONLY_ACTIVE_ARCH = YES;
				SDKROOT = iphoneos;
				TARGETED_DEVICE_FAMILY = "1,2";
			};
			name = Debug;
		};
		38A5A4CD1EF130FD00FFA6FE /* Release */ = {
			isa = XCBuildConfiguration;
			buildSettings = {
				ALWAYS_SEARCH_USER_PATHS = NO;
				CLANG_ANALYZER_NONNULL = YES;
				CLANG_CXX_LANGUAGE_STANDARD = "gnu++0x";
				CLANG_CXX_LIBRARY = "libc++";
				CLANG_ENABLE_MODULES = YES;
				CLANG_ENABLE_OBJC_ARC = YES;
				CLANG_WARN_BOOL_CONVERSION = YES;
				CLANG_WARN_CONSTANT_CONVERSION = YES;
				CLANG_WARN_DIRECT_OBJC_ISA_USAGE = YES_ERROR;
				CLANG_WARN_DOCUMENTATION_COMMENTS = YES;
				CLANG_WARN_EMPTY_BODY = YES;
				CLANG_WARN_ENUM_CONVERSION = YES;
				CLANG_WARN_INFINITE_RECURSION = YES;
				CLANG_WARN_INT_CONVERSION = YES;
				CLANG_WARN_OBJC_ROOT_CLASS = YES_ERROR;
				CLANG_WARN_SUSPICIOUS_MOVE = YES;
				CLANG_WARN_UNREACHABLE_CODE = YES;
				CLANG_WARN__DUPLICATE_METHOD_MATCH = YES;
				"CODE_SIGN_IDENTITY[sdk=iphoneos*]" = "iPhone Developer";
				COPY_PHASE_STRIP = NO;
				DEBUG_INFORMATION_FORMAT = "dwarf-with-dsym";
				ENABLE_NS_ASSERTIONS = NO;
				ENABLE_STRICT_OBJC_MSGSEND = YES;
				GCC_C_LANGUAGE_STANDARD = gnu99;
				GCC_NO_COMMON_BLOCKS = YES;
				GCC_WARN_64_TO_32_BIT_CONVERSION = YES;
				GCC_WARN_ABOUT_RETURN_TYPE = YES_ERROR;
				GCC_WARN_UNDECLARED_SELECTOR = YES;
				GCC_WARN_UNINITIALIZED_AUTOS = YES_AGGRESSIVE;
				GCC_WARN_UNUSED_FUNCTION = YES;
				GCC_WARN_UNUSED_VARIABLE = YES;
				IPHONEOS_DEPLOYMENT_TARGET = 10.2;
				MTL_ENABLE_DEBUG_INFO = NO;
				SDKROOT = iphoneos;
				TARGETED_DEVICE_FAMILY = "1,2";
				VALIDATE_PRODUCT = YES;
			};
			name = Release;
		};
		38A5A4CF1EF130FD00FFA6FE /* Debug */ = {
			isa = XCBuildConfiguration;
			buildSettings = {
				ASSETCATALOG_COMPILER_APPICON_NAME = AppIcon;
				DEVELOPMENT_TEAM = 8YYVM47VB8;
				INFOPLIST_FILE = test/Info.plist;
				IPHONEOS_DEPLOYMENT_TARGET = 11.0;
				LD_RUNPATH_SEARCH_PATHS = "$(inherited) @executable_path/Frameworks";
				PRODUCT_BUNDLE_IDENTIFIER = cn.edoctor.test;
				PRODUCT_NAME = "$(TARGET_NAME)";
			};
			name = Debug;
		};
		38A5A4D01EF130FD00FFA6FE /* Release */ = {
			isa = XCBuildConfiguration;
			buildSettings = {
				ASSETCATALOG_COMPILER_APPICON_NAME = AppIcon;
				DEVELOPMENT_TEAM = 8YYVM47VB8;
				INFOPLIST_FILE = test/Info.plist;
				IPHONEOS_DEPLOYMENT_TARGET = 11.0;
				LD_RUNPATH_SEARCH_PATHS = "$(inherited) @executable_path/Frameworks";
				PRODUCT_BUNDLE_IDENTIFIER = cn.edoctor.test;
				PRODUCT_NAME = "$(TARGET_NAME)";
			};
			name = Release;
		};
/* End XCBuildConfiguration section */

/* Begin XCConfigurationList section */
		38A5A4B21EF130FD00FFA6FE /* Build configuration list for PBXProject "test" */ = {
			isa = XCConfigurationList;
			buildConfigurations = (
				38A5A4CC1EF130FD00FFA6FE /* Debug */,
				38A5A4CD1EF130FD00FFA6FE /* Release */,
			);
			defaultConfigurationIsVisible = 0;
			defaultConfigurationName = Release;
		};
		38A5A4CE1EF130FD00FFA6FE /* Build configuration list for PBXNativeTarget "test" */ = {
			isa = XCConfigurationList;
			buildConfigurations = (
				38A5A4CF1EF130FD00FFA6FE /* Debug */,
				38A5A4D01EF130FD00FFA6FE /* Release */,
			);
			defaultConfigurationIsVisible = 0;
			defaultConfigurationName = Release;
		};
/* End XCConfigurationList section */
	};
	rootObject = 38A5A4AF1EF130FD00FFA6FE /* Project object */;
}
